
Microsoft Visual Studio Solution File, Format Version 12.00
# Visual Studio Version 17
VisualStudioVersion = 17.8.34511.84
MinimumVisualStudioVersion = 10.0.40219.1
Project("{FAE04EC0-301F-11D3-BF4B-00C04F79EFBC}") = "Homework1", "Homework1\Homework1.csproj", "{01AA588D-AABD-4D06-B800-E87B22977D3B}"
EndProject
Global
	GlobalSection(SolutionConfigurationPlatforms) = preSolution
		Debug|Any CPU = Debug|Any CPU
		Release|Any CPU = Release|Any CPU
	EndGlobalSection
	GlobalSection(ProjectConfigurationPlatforms) = postSolution
		{01AA588D-AABD-4D06-B800-E87B22977D3B}.Debug|Any CPU.ActiveCfg = Debug|Any CPU
		{01AA588D-AABD-4D06-B800-E87B22977D3B}.Debug|Any CPU.Build.0 = Debug|Any CPU
		{01AA588D-AABD-4D06-B800-E87B22977D3B}.Release|Any CPU.ActiveCfg = Release|Any CPU
		{01AA588D-AABD-4D06-B800-E87B22977D3B}.Release|Any CPU.Build.0 = Release|Any CPU
	EndGlobalSection
	GlobalSection(SolutionProperties) = preSolution
		HideSolutionNode = FALSE
	EndGlobalSection
	GlobalSection(ExtensibilityGlobals) = postSolution
		SolutionGuid = {0657A3AC-A941-452C-B9EC-F768F3AEE13F}
	EndGlobalSection
EndGlobal
